
Microsoft Visual Studio Solution File, Format Version 12.00
# Visual Studio 15
VisualStudioVersion = 15.0.28010.2036
MinimumVisualStudioVersion = 10.0.40219.1
Project("{FAE04EC0-301F-11D3-BF4B-00C04F79EFBC}") = "AwsAuthUtility.Core", "AwsAuthUtility.Core.csproj", "{C38F064E-4E6A-49F4-A19B-82D4048CD763}"
EndProject
Project("{FAE04EC0-301F-11D3-BF4B-00C04F79EFBC}") = "AwsAuthUtility.Infrastructure", "..\AwsAuthUtility.Infrastructure\AwsAuthUtility.Infrastructure.csproj", "{E36FBA9E-A4DA-4826-A386-CBE34F13486B}"
EndProject
Global
	GlobalSection(SolutionConfigurationPlatforms) = preSolution
		Debug|Any CPU = Debug|Any CPU
		Release|Any CPU = Release|Any CPU
	EndGlobalSection
	GlobalSection(ProjectConfigurationPlatforms) = postSolution
		{C38F064E-4E6A-49F4-A19B-82D4048CD763}.Debug|Any CPU.ActiveCfg = Debug|Any CPU
		{C38F064E-4E6A-49F4-A19B-82D4048CD763}.Debug|Any CPU.Build.0 = Debug|Any CPU
		{C38F064E-4E6A-49F4-A19B-82D4048CD763}.Release|Any CPU.ActiveCfg = Release|Any CPU
		{C38F064E-4E6A-49F4-A19B-82D4048CD763}.Release|Any CPU.Build.0 = Release|Any CPU
		{E36FBA9E-A4DA-4826-A386-CBE34F13486B}.Debug|Any CPU.ActiveCfg = Debug|Any CPU
		{E36FBA9E-A4DA-4826-A386-CBE34F13486B}.Debug|Any CPU.Build.0 = Debug|Any CPU
		{E36FBA9E-A4DA-4826-A386-CBE34F13486B}.Release|Any CPU.ActiveCfg = Release|Any CPU
		{E36FBA9E-A4DA-4826-A386-CBE34F13486B}.Release|Any CPU.Build.0 = Release|Any CPU
	EndGlobalSection
	GlobalSection(SolutionProperties) = preSolution
		HideSolutionNode = FALSE
	EndGlobalSection
	GlobalSection(ExtensibilityGlobals) = postSolution
		SolutionGuid = {6B1BB47B-201B-44B0-AFAF-C28494E8C27C}
	EndGlobalSection
EndGlobal
